{
  "name": "roll-the-dice",
  "version": "0.0.0",
  "lockfileVersion": 1,
  "requires": true,
  "dependencies": {
    "@primer/css": {
      "version": "15.2.0",
      "resolved": "https://registry.npmjs.org/@primer/css/-/css-15.2.0.tgz",
      "integrity": "sha512-/vNDchWrxlXqd6E+SWQcChPHJVzGia9aCaTYoz8O9sJTnUSiTKOgSNCQuOXyUInPruTRSqj+z3MZxayKcTsWhA==",
      "requires": {
        "@primer/octicons": "^9.1.1"
      }
    },
    "@primer/octicons": {
      "version": "9.6.0",
      "resolved": "https://registry.npmjs.org/@primer/octicons/-/octicons-9.6.0.tgz",
      "integrity": "sha512-B5Wzk5izRXXz0JqEXJkVUtqhCXSpUKgqYkVwegMkp5sziBW+ksd9LPbONlCWyyLODwf9GsI2sBXekR7m+JJDBw==",
      "requires": {
        "object-assign": "^4.1.1"
      }
    },
    "object-assign": {
      "version": "4.1.1",
      "resolved": "https://registry.npmjs.org/object-assign/-/object-assign-4.1.1.tgz",
      "integrity": "sha1-IQmtx5ZYh8/AXLvUQsrIv7s2CGM="
    }
  }
}
